
Microsoft Visual Studio Solution File, Format Version 12.00
# Visual Studio Version 17
VisualStudioVersion = 17.14.36414.22 d17.14
MinimumVisualStudioVersion = 10.0.40219.1
Project("{FAE04EC0-301F-11D3-BF4B-00C04F79EFBC}") = "basic_component_of_website", "basic_component_of_website.csproj", "{2DF9A3DE-0D11-4283-BE82-813704B196FB}"
EndProject
Global
	GlobalSection(SolutionConfigurationPlatforms) = preSolution
		Debug|Any CPU = Debug|Any CPU
		Release|Any CPU = Release|Any CPU
	EndGlobalSection
	GlobalSection(ProjectConfigurationPlatforms) = postSolution
		{2DF9A3DE-0D11-4283-BE82-813704B196FB}.Debug|Any CPU.ActiveCfg = Debug|Any CPU
		{2DF9A3DE-0D11-4283-BE82-813704B196FB}.Debug|Any CPU.Build.0 = Debug|Any CPU
		{2DF9A3DE-0D11-4283-BE82-813704B196FB}.Release|Any CPU.ActiveCfg = Release|Any CPU
		{2DF9A3DE-0D11-4283-BE82-813704B196FB}.Release|Any CPU.Build.0 = Release|Any CPU
	EndGlobalSection
	GlobalSection(SolutionProperties) = preSolution
		HideSolutionNode = FALSE
	EndGlobalSection
	GlobalSection(ExtensibilityGlobals) = postSolution
		SolutionGuid = {8408BC54-CA8C-4609-9B9D-4E381E6A14E7}
	EndGlobalSection
EndGlobal
